{
  "nodes": {
    "acmsl-licdata-artifact-events": {
      "inputs": {
        "flake-utils": [
          "flake-utils"
        ],
        "nixpkgs": [
          "nixpkgs"
        ],
        "pythoneda-shared-pythonlang-banner": [
          "pythoneda-shared-pythonlang-banner"
        ],
        "pythoneda-shared-pythonlang-domain": [
          "pythoneda-shared-pythonlang-domain"
        ]
      },
      "locked": {
        "lastModified": 1735757271,
        "narHash": "sha256-Rjo6EPooOAd6votea2tZVERU5i1fUKcrc7olgD4wwsg=",
        "owner": "acmsl-def",
        "repo": "licdata-artifact-events",
        "rev": "b198f7ac4f900c69462de8852d82b25300f204c1",
        "type": "github"
      },
      "original": {
        "owner": "acmsl-def",
        "ref": "0.0.21",
        "repo": "licdata-artifact-events",
        "type": "github"
      }
    },
    "flake-utils": {
      "locked": {
        "lastModified": 1652776076,
        "narHash": "sha256-gzTw/v1vj4dOVbpBSJX4J0DwUR6LIyXo7/SuuTJp1kM=",
        "owner": "numtide",
        "repo": "flake-utils",
        "rev": "04c1b180862888302ddfb2e3ad9eaa63afc60cf8",
        "type": "github"
      },
      "original": {
        "owner": "numtide",
        "ref": "v1.0.0",
        "repo": "flake-utils",
        "type": "github"
      }
    },
    "nixpkgs": {
      "locked": {
        "lastModified": 1717179513,
        "narHash": "sha256-vboIEwIQojofItm2xGCdZCzW96U85l9nDW3ifMuAIdM=",
        "owner": "NixOS",
        "repo": "nixpkgs",
        "rev": "63dacb46bf939521bdc93981b4cbb7ecb58427a0",
        "type": "github"
      },
      "original": {
        "owner": "NixOS",
        "ref": "24.05",
        "repo": "nixpkgs",
        "type": "github"
      }
    },
    "pythoneda-shared-iac-events": {
      "inputs": {
        "flake-utils": [
          "flake-utils"
        ],
        "nixpkgs": [
          "nixpkgs"
        ],
        "pythoneda-shared-pythonlang-banner": [
          "pythoneda-shared-pythonlang-banner"
        ],
        "pythoneda-shared-pythonlang-domain": [
          "pythoneda-shared-pythonlang-domain"
        ]
      },
      "locked": {
        "lastModified": 1735643214,
        "narHash": "sha256-1u0MJslJplC59fNURoyERdDlPn6a+6C0DsxVOUW61wo=",
        "owner": "pythoneda-shared-iac-def",
        "repo": "events",
        "rev": "90e317cc76fabd0ed72cbc0e06fa6741d5cc9550",
        "type": "github"
      },
      "original": {
        "owner": "pythoneda-shared-iac-def",
        "ref": "0.0.20",
        "repo": "events",
        "type": "github"
      }
    },
    "pythoneda-shared-iac-events_2": {
      "inputs": {
        "flake-utils": [
          "pythoneda-shared-iac-shared",
          "flake-utils"
        ],
        "nixpkgs": [
          "pythoneda-shared-iac-shared",
          "nixpkgs"
        ],
        "pythoneda-shared-pythonlang-banner": [
          "pythoneda-shared-iac-shared",
          "pythoneda-shared-pythonlang-banner"
        ],
        "pythoneda-shared-pythonlang-domain": [
          "pythoneda-shared-iac-shared",
          "pythoneda-shared-pythonlang-domain"
        ]
      },
      "locked": {
        "lastModified": 1735643214,
        "narHash": "sha256-1u0MJslJplC59fNURoyERdDlPn6a+6C0DsxVOUW61wo=",
        "owner": "pythoneda-shared-iac-def",
        "repo": "events",
        "rev": "90e317cc76fabd0ed72cbc0e06fa6741d5cc9550",
        "type": "github"
      },
      "original": {
        "owner": "pythoneda-shared-iac-def",
        "ref": "0.0.20",
        "repo": "events",
        "type": "github"
      }
    },
    "pythoneda-shared-iac-pulumi-azure": {
      "inputs": {
        "flake-utils": [
          "flake-utils"
        ],
        "nixpkgs": [
          "nixpkgs"
        ],
        "pythoneda-shared-iac-events": [
          "pythoneda-shared-iac-events"
        ],
        "pythoneda-shared-iac-shared": [
          "pythoneda-shared-iac-shared"
        ],
        "pythoneda-shared-pythonlang-banner": [
          "pythoneda-shared-pythonlang-banner"
        ],
        "pythoneda-shared-pythonlang-domain": [
          "pythoneda-shared-pythonlang-domain"
        ]
      },
      "locked": {
        "lastModified": 1735744575,
        "narHash": "sha256-+NxZu2yGVRFugB4Yuf+05JKyGsfv3F5xoMH6i5N3JEA=",
        "owner": "pythoneda-shared-iac-def",
        "repo": "pulumi-azure",
        "rev": "96a11283748e5ee7ff3b10cc18fd9cdcaf06772a",
        "type": "github"
      },
      "original": {
        "owner": "pythoneda-shared-iac-def",
        "ref": "0.0.23",
        "repo": "pulumi-azure",
        "type": "github"
      }
    },
    "pythoneda-shared-iac-shared": {
      "inputs": {
        "flake-utils": [
          "flake-utils"
        ],
        "nixpkgs": [
          "nixpkgs"
        ],
        "pythoneda-shared-iac-events": "pythoneda-shared-iac-events_2",
        "pythoneda-shared-pythonlang-banner": [
          "pythoneda-shared-pythonlang-banner"
        ],
        "pythoneda-shared-pythonlang-domain": [
          "pythoneda-shared-pythonlang-domain"
        ]
      },
      "locked": {
        "lastModified": 1735643363,
        "narHash": "sha256-0wZKrDKsDnx8SNI+qBuH5/aRQ1EJRdAzNF6pKs0Y9fY=",
        "owner": "pythoneda-shared-iac-def",
        "repo": "shared",
        "rev": "754c948cfc4d2031948e7a04d57017e64e79675c",
        "type": "github"
      },
      "original": {
        "owner": "pythoneda-shared-iac-def",
        "ref": "0.0.17",
        "repo": "shared",
        "type": "github"
      }
    },
    "pythoneda-shared-pythonlang-banner": {
      "inputs": {
        "flake-utils": [
          "flake-utils"
        ],
        "nixpkgs": [
          "nixpkgs"
        ]
      },
      "locked": {
        "lastModified": 1733921954,
        "narHash": "sha256-8bXCVSjpGD+1Zpfqjmie6JKnz7eH5vALIXKoa9n0OyI=",
        "owner": "pythoneda-shared-pythonlang-def",
        "repo": "banner",
        "rev": "d6f65312ef3f7a8a3315aca7c0f3cc99783a5b20",
        "type": "github"
      },
      "original": {
        "owner": "pythoneda-shared-pythonlang-def",
        "ref": "0.0.74",
        "repo": "banner",
        "type": "github"
      }
    },
    "pythoneda-shared-pythonlang-domain": {
      "inputs": {
        "flake-utils": [
          "flake-utils"
        ],
        "nixpkgs": [
          "nixpkgs"
        ],
        "pythoneda-shared-pythonlang-banner": [
          "pythoneda-shared-pythonlang-banner"
        ]
      },
      "locked": {
        "lastModified": 1735637228,
        "narHash": "sha256-jRpZzZe13K+MF8O7kdiLzUd0Re7id/wq3fsRC1tnVKI=",
        "owner": "pythoneda-shared-pythonlang-def",
        "repo": "domain",
        "rev": "620609c96549dc059d4089b4fb7788819094007b",
        "type": "github"
      },
      "original": {
        "owner": "pythoneda-shared-pythonlang-def",
        "ref": "0.0.109",
        "repo": "domain",
        "type": "github"
      }
    },
    "pythoneda-shared-runtime-secrets-events": {
      "inputs": {
        "flake-utils": [
          "flake-utils"
        ],
        "nixpkgs": [
          "nixpkgs"
        ],
        "pythoneda-shared-pythonlang-banner": [
          "pythoneda-shared-pythonlang-banner"
        ],
        "pythoneda-shared-pythonlang-domain": [
          "pythoneda-shared-pythonlang-domain"
        ]
      },
      "locked": {
        "lastModified": 1735642175,
        "narHash": "sha256-cSm7qB2Y6HmPXvm9pSDHFVoGNt/QPbB2viJCNk4WW84=",
        "owner": "pythoneda-shared-runtime-def",
        "repo": "secrets-events",
        "rev": "34017f49cd41e5cf2321ad20927cddbd6eea162c",
        "type": "github"
      },
      "original": {
        "owner": "pythoneda-shared-runtime-def",
        "ref": "0.0.10",
        "repo": "secrets-events",
        "type": "github"
      }
    },
    "root": {
      "inputs": {
        "acmsl-licdata-artifact-events": "acmsl-licdata-artifact-events",
        "flake-utils": "flake-utils",
        "nixpkgs": "nixpkgs",
        "pythoneda-shared-iac-events": "pythoneda-shared-iac-events",
        "pythoneda-shared-iac-pulumi-azure": "pythoneda-shared-iac-pulumi-azure",
        "pythoneda-shared-iac-shared": "pythoneda-shared-iac-shared",
        "pythoneda-shared-pythonlang-banner": "pythoneda-shared-pythonlang-banner",
        "pythoneda-shared-pythonlang-domain": "pythoneda-shared-pythonlang-domain",
        "pythoneda-shared-runtime-secrets-events": "pythoneda-shared-runtime-secrets-events"
      }
    }
  },
  "root": "root",
  "version": 7
}
